
Microsoft Visual Studio Solution File, Format Version 12.00
# Visual Studio Version 17
VisualStudioVersion = 17.0.31903.59
MinimumVisualStudioVersion = 10.0.40219.1
Project("{FAE04EC0-301F-11D3-BF4B-00C04F79EFBC}") = "API", "API\API.csproj", "{14DD9C36-6489-4BFA-857C-9DAB9FEA6E42}"
EndProject
Project("{FAE04EC0-301F-11D3-BF4B-00C04F79EFBC}") = "Application", "Application\Application.csproj", "{9712AEA0-9817-4849-B25C-BA831B42F971}"
EndProject
Project("{FAE04EC0-301F-11D3-BF4B-00C04F79EFBC}") = "Domain", "Domain\Domain.csproj", "{4E259F37-C23F-4571-930E-E9B6742C4C52}"
EndProject
Project("{FAE04EC0-301F-11D3-BF4B-00C04F79EFBC}") = "Persistence", "Persistence\Persistence.csproj", "{FE8845D4-FE08-4BD1-956B-DC6A882C52E7}"
EndProject
Global
	GlobalSection(SolutionConfigurationPlatforms) = preSolution
		Debug|Any CPU = Debug|Any CPU
		Debug|x64 = Debug|x64
		Debug|x86 = Debug|x86
		Release|Any CPU = Release|Any CPU
		Release|x64 = Release|x64
		Release|x86 = Release|x86
	EndGlobalSection
	GlobalSection(ProjectConfigurationPlatforms) = postSolution
		{14DD9C36-6489-4BFA-857C-9DAB9FEA6E42}.Debug|Any CPU.ActiveCfg = Debug|Any CPU
		{14DD9C36-6489-4BFA-857C-9DAB9FEA6E42}.Debug|Any CPU.Build.0 = Debug|Any CPU
		{14DD9C36-6489-4BFA-857C-9DAB9FEA6E42}.Debug|x64.ActiveCfg = Debug|Any CPU
		{14DD9C36-6489-4BFA-857C-9DAB9FEA6E42}.Debug|x64.Build.0 = Debug|Any CPU
		{14DD9C36-6489-4BFA-857C-9DAB9FEA6E42}.Debug|x86.ActiveCfg = Debug|Any CPU
		{14DD9C36-6489-4BFA-857C-9DAB9FEA6E42}.Debug|x86.Build.0 = Debug|Any CPU
		{14DD9C36-6489-4BFA-857C-9DAB9FEA6E42}.Release|Any CPU.ActiveCfg = Release|Any CPU
		{14DD9C36-6489-4BFA-857C-9DAB9FEA6E42}.Release|Any CPU.Build.0 = Release|Any CPU
		{14DD9C36-6489-4BFA-857C-9DAB9FEA6E42}.Release|x64.ActiveCfg = Release|Any CPU
		{14DD9C36-6489-4BFA-857C-9DAB9FEA6E42}.Release|x64.Build.0 = Release|Any CPU
		{14DD9C36-6489-4BFA-857C-9DAB9FEA6E42}.Release|x86.ActiveCfg = Release|Any CPU
		{14DD9C36-6489-4BFA-857C-9DAB9FEA6E42}.Release|x86.Build.0 = Release|Any CPU
		{9712AEA0-9817-4849-B25C-BA831B42F971}.Debug|Any CPU.ActiveCfg = Debug|Any CPU
		{9712AEA0-9817-4849-B25C-BA831B42F971}.Debug|Any CPU.Build.0 = Debug|Any CPU
		{9712AEA0-9817-4849-B25C-BA831B42F971}.Debug|x64.ActiveCfg = Debug|Any CPU
		{9712AEA0-9817-4849-B25C-BA831B42F971}.Debug|x64.Build.0 = Debug|Any CPU
		{9712AEA0-9817-4849-B25C-BA831B42F971}.Debug|x86.ActiveCfg = Debug|Any CPU
		{9712AEA0-9817-4849-B25C-BA831B42F971}.Debug|x86.Build.0 = Debug|Any CPU
		{9712AEA0-9817-4849-B25C-BA831B42F971}.Release|Any CPU.ActiveCfg = Release|Any CPU
		{9712AEA0-9817-4849-B25C-BA831B42F971}.Release|Any CPU.Build.0 = Release|Any CPU
		{9712AEA0-9817-4849-B25C-BA831B42F971}.Release|x64.ActiveCfg = Release|Any CPU
		{9712AEA0-9817-4849-B25C-BA831B42F971}.Release|x64.Build.0 = Release|Any CPU
		{9712AEA0-9817-4849-B25C-BA831B42F971}.Release|x86.ActiveCfg = Release|Any CPU
		{9712AEA0-9817-4849-B25C-BA831B42F971}.Release|x86.Build.0 = Release|Any CPU
		{4E259F37-C23F-4571-930E-E9B6742C4C52}.Debug|Any CPU.ActiveCfg = Debug|Any CPU
		{4E259F37-C23F-4571-930E-E9B6742C4C52}.Debug|Any CPU.Build.0 = Debug|Any CPU
		{4E259F37-C23F-4571-930E-E9B6742C4C52}.Debug|x64.ActiveCfg = Debug|Any CPU
		{4E259F37-C23F-4571-930E-E9B6742C4C52}.Debug|x64.Build.0 = Debug|Any CPU
		{4E259F37-C23F-4571-930E-E9B6742C4C52}.Debug|x86.ActiveCfg = Debug|Any CPU
		{4E259F37-C23F-4571-930E-E9B6742C4C52}.Debug|x86.Build.0 = Debug|Any CPU
		{4E259F37-C23F-4571-930E-E9B6742C4C52}.Release|Any CPU.ActiveCfg = Release|Any CPU
		{4E259F37-C23F-4571-930E-E9B6742C4C52}.Release|Any CPU.Build.0 = Release|Any CPU
		{4E259F37-C23F-4571-930E-E9B6742C4C52}.Release|x64.ActiveCfg = Release|Any CPU
		{4E259F37-C23F-4571-930E-E9B6742C4C52}.Release|x64.Build.0 = Release|Any CPU
		{4E259F37-C23F-4571-930E-E9B6742C4C52}.Release|x86.ActiveCfg = Release|Any CPU
		{4E259F37-C23F-4571-930E-E9B6742C4C52}.Release|x86.Build.0 = Release|Any CPU
		{FE8845D4-FE08-4BD1-956B-DC6A882C52E7}.Debug|Any CPU.ActiveCfg = Debug|Any CPU
		{FE8845D4-FE08-4BD1-956B-DC6A882C52E7}.Debug|Any CPU.Build.0 = Debug|Any CPU
		{FE8845D4-FE08-4BD1-956B-DC6A882C52E7}.Debug|x64.ActiveCfg = Debug|Any CPU
		{FE8845D4-FE08-4BD1-956B-DC6A882C52E7}.Debug|x64.Build.0 = Debug|Any CPU
		{FE8845D4-FE08-4BD1-956B-DC6A882C52E7}.Debug|x86.ActiveCfg = Debug|Any CPU
		{FE8845D4-FE08-4BD1-956B-DC6A882C52E7}.Debug|x86.Build.0 = Debug|Any CPU
		{FE8845D4-FE08-4BD1-956B-DC6A882C52E7}.Release|Any CPU.ActiveCfg = Release|Any CPU
		{FE8845D4-FE08-4BD1-956B-DC6A882C52E7}.Release|Any CPU.Build.0 = Release|Any CPU
		{FE8845D4-FE08-4BD1-956B-DC6A882C52E7}.Release|x64.ActiveCfg = Release|Any CPU
		{FE8845D4-FE08-4BD1-956B-DC6A882C52E7}.Release|x64.Build.0 = Release|Any CPU
		{FE8845D4-FE08-4BD1-956B-DC6A882C52E7}.Release|x86.ActiveCfg = Release|Any CPU
		{FE8845D4-FE08-4BD1-956B-DC6A882C52E7}.Release|x86.Build.0 = Release|Any CPU
	EndGlobalSection
	GlobalSection(SolutionProperties) = preSolution
		HideSolutionNode = FALSE
	EndGlobalSection
EndGlobal
